
Microsoft Visual Studio Solution File, Format Version 12.00
# Visual Studio 15
Project("{FAE04EC0-301F-11D3-BF4B-00C04F79EFBC}") = "Assembly-CSharp", "Assembly-CSharp.csproj", "{C1555694-19FE-E2E6-CEA7-F70E3EA347BE}"
EndProject
Project("{FAE04EC0-301F-11D3-BF4B-00C04F79EFBC}") = "Assembly-CSharp-Editor", "Assembly-CSharp-Editor.csproj", "{DC866D2A-55CB-87A7-D723-F9DE0DD78CA8}"
EndProject
Global
	GlobalSection(SolutionConfigurationPlatforms) = preSolution
		Debug|Any CPU = Debug|Any CPU
		Release|Any CPU = Release|Any CPU
	EndGlobalSection
	GlobalSection(ProjectConfigurationPlatforms) = postSolution
		{C1555694-19FE-E2E6-CEA7-F70E3EA347BE}.Debug|Any CPU.ActiveCfg = Debug|Any CPU
		{C1555694-19FE-E2E6-CEA7-F70E3EA347BE}.Debug|Any CPU.Build.0 = Debug|Any CPU
		{C1555694-19FE-E2E6-CEA7-F70E3EA347BE}.Release|Any CPU.ActiveCfg = Release|Any CPU
		{C1555694-19FE-E2E6-CEA7-F70E3EA347BE}.Release|Any CPU.Build.0 = Release|Any CPU
		{DC866D2A-55CB-87A7-D723-F9DE0DD78CA8}.Debug|Any CPU.ActiveCfg = Debug|Any CPU
		{DC866D2A-55CB-87A7-D723-F9DE0DD78CA8}.Debug|Any CPU.Build.0 = Debug|Any CPU
		{DC866D2A-55CB-87A7-D723-F9DE0DD78CA8}.Release|Any CPU.ActiveCfg = Release|Any CPU
		{DC866D2A-55CB-87A7-D723-F9DE0DD78CA8}.Release|Any CPU.Build.0 = Release|Any CPU
	EndGlobalSection
	GlobalSection(SolutionProperties) = preSolution
		HideSolutionNode = FALSE
	EndGlobalSection
EndGlobal
